
Microsoft Visual Studio Solution File, Format Version 12.00
# Visual Studio Version 17
VisualStudioVersion = 17.13.35913.81
MinimumVisualStudioVersion = 10.0.40219.1
Project("{FAE04EC0-301F-11D3-BF4B-00C04F79EFBC}") = "IdentityServer", "IdentityServer\IdentityServer.csproj", "{41559415-4D99-404E-9035-A466ABD5890A}"
EndProject
Project("{FAE04EC0-301F-11D3-BF4B-00C04F79EFBC}") = "PeopleManagementAPI", "PeopleManagementAPI\PeopleManagementAPI.csproj", "{9117EE12-775F-4849-AF37-045F0864A1F5}"
EndProject
Project("{FAE04EC0-301F-11D3-BF4B-00C04F79EFBC}") = "PeopleManagementAPI.Tests.Unit", "PeopleManagementAPI.Tests.Unit\PeopleManagementAPI.Tests.Unit.csproj", "{C9F3CA3F-FC6F-4A00-8965-271264E2A0E4}"
EndProject
Project("{2150E333-8FDC-42A3-9474-1A3956D46DE8}") = "Tests", "Tests", "{02EA681E-C7D8-13C7-8484-4AC65E1B71E8}"
EndProject
Project("{FAE04EC0-301F-11D3-BF4B-00C04F79EFBC}") = "IdentityServer.Tests", "IdentityServer.Tests\IdentityServer.Tests.csproj", "{46CFCDB8-8AEC-46BC-8643-211DCE82720B}"
EndProject
Global
	GlobalSection(SolutionConfigurationPlatforms) = preSolution
		Debug|Any CPU = Debug|Any CPU
		Release|Any CPU = Release|Any CPU
	EndGlobalSection
	GlobalSection(ProjectConfigurationPlatforms) = postSolution
		{41559415-4D99-404E-9035-A466ABD5890A}.Debug|Any CPU.ActiveCfg = Debug|Any CPU
		{41559415-4D99-404E-9035-A466ABD5890A}.Debug|Any CPU.Build.0 = Debug|Any CPU
		{41559415-4D99-404E-9035-A466ABD5890A}.Release|Any CPU.ActiveCfg = Release|Any CPU
		{41559415-4D99-404E-9035-A466ABD5890A}.Release|Any CPU.Build.0 = Release|Any CPU
		{9117EE12-775F-4849-AF37-045F0864A1F5}.Debug|Any CPU.ActiveCfg = Debug|Any CPU
		{9117EE12-775F-4849-AF37-045F0864A1F5}.Debug|Any CPU.Build.0 = Debug|Any CPU
		{9117EE12-775F-4849-AF37-045F0864A1F5}.Release|Any CPU.ActiveCfg = Release|Any CPU
		{9117EE12-775F-4849-AF37-045F0864A1F5}.Release|Any CPU.Build.0 = Release|Any CPU
		{C9F3CA3F-FC6F-4A00-8965-271264E2A0E4}.Debug|Any CPU.ActiveCfg = Debug|Any CPU
		{C9F3CA3F-FC6F-4A00-8965-271264E2A0E4}.Debug|Any CPU.Build.0 = Debug|Any CPU
		{C9F3CA3F-FC6F-4A00-8965-271264E2A0E4}.Release|Any CPU.ActiveCfg = Release|Any CPU
		{C9F3CA3F-FC6F-4A00-8965-271264E2A0E4}.Release|Any CPU.Build.0 = Release|Any CPU
		{46CFCDB8-8AEC-46BC-8643-211DCE82720B}.Debug|Any CPU.ActiveCfg = Debug|Any CPU
		{46CFCDB8-8AEC-46BC-8643-211DCE82720B}.Debug|Any CPU.Build.0 = Debug|Any CPU
		{46CFCDB8-8AEC-46BC-8643-211DCE82720B}.Release|Any CPU.ActiveCfg = Release|Any CPU
		{46CFCDB8-8AEC-46BC-8643-211DCE82720B}.Release|Any CPU.Build.0 = Release|Any CPU
	EndGlobalSection
	GlobalSection(SolutionProperties) = preSolution
		HideSolutionNode = FALSE
	EndGlobalSection
	GlobalSection(NestedProjects) = preSolution
		{C9F3CA3F-FC6F-4A00-8965-271264E2A0E4} = {02EA681E-C7D8-13C7-8484-4AC65E1B71E8}
		{46CFCDB8-8AEC-46BC-8643-211DCE82720B} = {02EA681E-C7D8-13C7-8484-4AC65E1B71E8}
	EndGlobalSection
	GlobalSection(ExtensibilityGlobals) = postSolution
		SolutionGuid = {86115238-F32A-4EE1-8B5E-FF049E63FBEF}
	EndGlobalSection
EndGlobal
